
Microsoft Visual Studio Solution File, Format Version 10.00
# Visual Studio 2008
Project("{F14B399A-7131-4C87-9E4B-1186C45EF12D}") = "MooirivierReports", "MooirivierReports.rptproj", "{C4AFAC84-F5DD-46C3-8C3B-A3CA5DBA7698}"
EndProject
Global
	GlobalSection(SolutionConfigurationPlatforms) = preSolution
		Debug|Default = Debug|Default
		DebugLocal|Default = DebugLocal|Default
		Release|Default = Release|Default
	EndGlobalSection
	GlobalSection(ProjectConfigurationPlatforms) = postSolution
		{C4AFAC84-F5DD-46C3-8C3B-A3CA5DBA7698}.Debug|Default.ActiveCfg = Debug
		{C4AFAC84-F5DD-46C3-8C3B-A3CA5DBA7698}.Debug|Default.Build.0 = DebugLocal
		{C4AFAC84-F5DD-46C3-8C3B-A3CA5DBA7698}.Debug|Default.Deploy.0 = DebugLocal
		{C4AFAC84-F5DD-46C3-8C3B-A3CA5DBA7698}.DebugLocal|Default.ActiveCfg = DebugLocal
		{C4AFAC84-F5DD-46C3-8C3B-A3CA5DBA7698}.DebugLocal|Default.Build.0 = DebugLocal
		{C4AFAC84-F5DD-46C3-8C3B-A3CA5DBA7698}.DebugLocal|Default.Deploy.0 = DebugLocal
		{C4AFAC84-F5DD-46C3-8C3B-A3CA5DBA7698}.Release|Default.ActiveCfg = Release
		{C4AFAC84-F5DD-46C3-8C3B-A3CA5DBA7698}.Release|Default.Build.0 = Release
		{C4AFAC84-F5DD-46C3-8C3B-A3CA5DBA7698}.Release|Default.Deploy.0 = Release
	EndGlobalSection
	GlobalSection(SolutionProperties) = preSolution
		HideSolutionNode = FALSE
	EndGlobalSection
EndGlobal
